{
  "nodes": {
    "expidus-sdk": {
      "inputs": {
        "nixpkgs": [
          "nixpkgs"
        ]
      },
      "locked": {
        "lastModified": 1665176069,
        "narHash": "sha256-GVl55tQsrRGJwJyzrJwmnyMTm04ljRMyswZATHrt7bQ=",
        "owner": "ExpidusOS",
        "repo": "sdk",
        "rev": "9823700638419dd4e1fe32a4d0c9d71024af37a5",
        "type": "github"
      },
      "original": {
        "owner": "ExpidusOS",
        "repo": "sdk",
        "type": "github"
      }
    },
    "flake-utils": {
      "locked": {
        "lastModified": 1652776076,
        "narHash": "sha256-gzTw/v1vj4dOVbpBSJX4J0DwUR6LIyXo7/SuuTJp1kM=",
        "owner": "numtide",
        "repo": "flake-utils",
        "rev": "04c1b180862888302ddfb2e3ad9eaa63afc60cf8",
        "type": "github"
      },
      "original": {
        "owner": "numtide",
        "repo": "flake-utils",
        "rev": "04c1b180862888302ddfb2e3ad9eaa63afc60cf8",
        "type": "github"
      }
    },
    "genesis-shell": {
      "inputs": {
        "expidus-sdk": [
          "expidus-sdk"
        ],
        "libtokyo": [
          "libtokyo"
        ],
        "nixpkgs": [
          "nixpkgs"
        ],
        "vadi": [
          "vadi"
        ]
      },
      "locked": {
        "lastModified": 1665445642,
        "narHash": "sha256-tmu7mXF4YHlWw2w3vZseqX+wP/+xOVec6XcDocdN38Y=",
        "owner": "ExpidusOS",
        "repo": "genesis",
        "rev": "e7578dfc21c1fd461c5fa2a4f1096e44b5f68113",
        "type": "github"
      },
      "original": {
        "owner": "ExpidusOS",
        "ref": "refactor",
        "repo": "genesis",
        "type": "github"
      }
    },
    "gxml": {
      "inputs": {
        "nixpkgs": [
          "libdevident",
          "nixpkgs"
        ]
      },
      "locked": {
        "lastModified": 1665179503,
        "narHash": "sha256-1SFKyeiCFaBbg+w2UyRIx02fYhIJmXsH8C/EPvhUBQA=",
        "ref": "refs/heads/master",
        "rev": "18abf5135a33b339f85ff1cfccb95ed860fe0c8d",
        "revCount": 2111,
        "type": "git",
        "url": "https://gitlab.gnome.org/RossComputerGuy/gxml.git"
      },
      "original": {
        "type": "git",
        "url": "https://gitlab.gnome.org/RossComputerGuy/gxml.git"
      }
    },
    "home-manager": {
      "inputs": {
        "nixpkgs": [
          "nixpkgs"
        ]
      },
      "locked": {
        "lastModified": 1656169755,
        "narHash": "sha256-Nlnm4jeQWEGjYrE6hxi/7HYHjBSZ/E0RtjCYifnNsWk=",
        "owner": "nix-community",
        "repo": "home-manager",
        "rev": "4a3d01fb53f52ac83194081272795aa4612c2381",
        "type": "github"
      },
      "original": {
        "owner": "nix-community",
        "repo": "home-manager",
        "rev": "4a3d01fb53f52ac83194081272795aa4612c2381",
        "type": "github"
      }
    },
    "libdevident": {
      "inputs": {
        "expidus-sdk": [
          "expidus-sdk"
        ],
        "gxml": "gxml",
        "nixpkgs": [
          "nixpkgs"
        ],
        "vadi": [
          "vadi"
        ]
      },
      "locked": {
        "lastModified": 1665445044,
        "narHash": "sha256-4GU8rsrgKVPfCF0RI1icvQ1KntdTnCJ9ApUXjGBLZHk=",
        "owner": "ExpidusOS",
        "repo": "libdevident",
        "rev": "e05c59a23894fa3bea3e5fc1c7c729e1700bc2ca",
        "type": "github"
      },
      "original": {
        "owner": "ExpidusOS",
        "repo": "libdevident",
        "type": "github"
      }
    },
    "libtokyo": {
      "inputs": {
        "nixpkgs": [
          "nixpkgs"
        ]
      },
      "locked": {
        "lastModified": 1662247489,
        "narHash": "sha256-bbgIJKfsusxq5D15U2ebZzO1RtY2u4n7bbN0e23LN/8=",
        "owner": "ExpidusOS",
        "repo": "libtokyo",
        "rev": "2d0607822534f3030c57eea14a2ca4932e94683d",
        "type": "github"
      },
      "original": {
        "owner": "ExpidusOS",
        "repo": "libtokyo",
        "type": "github"
      }
    },
    "nixpkgs": {
      "locked": {
        "lastModified": 1653936696,
        "narHash": "sha256-M6bJShji9AIDZ7Kh7CPwPBPb/T7RiVev2PAcOi4fxDQ=",
        "owner": "NixOS",
        "repo": "nixpkgs",
        "rev": "ce6aa13369b667ac2542593170993504932eb836",
        "type": "github"
      },
      "original": {
        "owner": "NixOS",
        "repo": "nixpkgs",
        "rev": "ce6aa13369b667ac2542593170993504932eb836",
        "type": "github"
      }
    },
    "root": {
      "inputs": {
        "expidus-sdk": "expidus-sdk",
        "flake-utils": "flake-utils",
        "genesis-shell": "genesis-shell",
        "home-manager": "home-manager",
        "libdevident": "libdevident",
        "libtokyo": "libtokyo",
        "nixpkgs": "nixpkgs",
        "terminal": "terminal",
        "vadi": "vadi"
      }
    },
    "terminal": {
      "inputs": {
        "expidus-sdk": [
          "expidus-sdk"
        ],
        "libtokyo": [
          "libtokyo"
        ],
        "nixpkgs": [
          "nixpkgs"
        ]
      },
      "locked": {
        "lastModified": 1665446181,
        "narHash": "sha256-4hSJUj6VGBLGMKLIoKk5ZCJBmc0IlOA3j+0F6uP7qfU=",
        "owner": "ExpidusOS",
        "repo": "terminal",
        "rev": "891079a4634b824333bedb3daca6442535d88161",
        "type": "github"
      },
      "original": {
        "owner": "ExpidusOS",
        "repo": "terminal",
        "type": "github"
      }
    },
    "vadi": {
      "inputs": {
        "nixpkgs": [
          "nixpkgs"
        ]
      },
      "locked": {
        "lastModified": 1663630541,
        "narHash": "sha256-yHEZ9DjhYmw7UV8AsvFsUHdGDa8ivu5hWNFo6Xp7fGI=",
        "owner": "ExpidusOS",
        "repo": "Vadi",
        "rev": "4864ab757b0355498e6f888b6499d3ec86d1c368",
        "type": "github"
      },
      "original": {
        "owner": "ExpidusOS",
        "ref": "feat/nix",
        "repo": "Vadi",
        "type": "github"
      }
    }
  },
  "root": "root",
  "version": 7
}
